
Microsoft Visual Studio Solution File, Format Version 12.00
# Visual Studio Version 17
VisualStudioVersion = 17.13.35931.197
MinimumVisualStudioVersion = 10.0.40219.1
Project("{FAE04EC0-301F-11D3-BF4B-00C04F79EFBC}") = "N4_BTCM", "N4_BTCM.csproj", "{4ECBC212-F11B-49AB-90BA-BB208867A9B1}"
EndProject
Global
	GlobalSection(SolutionConfigurationPlatforms) = preSolution
		Debug|Any CPU = Debug|Any CPU
		Release|Any CPU = Release|Any CPU
	EndGlobalSection
	GlobalSection(ProjectConfigurationPlatforms) = postSolution
		{4ECBC212-F11B-49AB-90BA-BB208867A9B1}.Debug|Any CPU.ActiveCfg = Debug|Any CPU
		{4ECBC212-F11B-49AB-90BA-BB208867A9B1}.Debug|Any CPU.Build.0 = Debug|Any CPU
		{4ECBC212-F11B-49AB-90BA-BB208867A9B1}.Release|Any CPU.ActiveCfg = Release|Any CPU
		{4ECBC212-F11B-49AB-90BA-BB208867A9B1}.Release|Any CPU.Build.0 = Release|Any CPU
	EndGlobalSection
	GlobalSection(SolutionProperties) = preSolution
		HideSolutionNode = FALSE
	EndGlobalSection
	GlobalSection(ExtensibilityGlobals) = postSolution
		SolutionGuid = {0DC22661-F229-442A-8544-AB6800C1B297}
	EndGlobalSection
EndGlobal
